
Microsoft Visual Studio Solution File, Format Version 12.00
# Visual Studio 15
VisualStudioVersion = 15.0.28307.1062
MinimumVisualStudioVersion = 10.0.40219.1
Project("{FAE04EC0-301F-11D3-BF4B-00C04F79EFBC}") = "UpdateApp_SI_III", "UpdateApp_SI_III\UpdateApp_SI_III.csproj", "{8AD3428C-D973-40DE-8B9F-7FFC9DF74B15}"
EndProject
Global
	GlobalSection(SolutionConfigurationPlatforms) = preSolution
		Debug|Any CPU = Debug|Any CPU
		Release|Any CPU = Release|Any CPU
	EndGlobalSection
	GlobalSection(ProjectConfigurationPlatforms) = postSolution
		{8AD3428C-D973-40DE-8B9F-7FFC9DF74B15}.Debug|Any CPU.ActiveCfg = Debug|Any CPU
		{8AD3428C-D973-40DE-8B9F-7FFC9DF74B15}.Debug|Any CPU.Build.0 = Debug|Any CPU
		{8AD3428C-D973-40DE-8B9F-7FFC9DF74B15}.Release|Any CPU.ActiveCfg = Release|Any CPU
		{8AD3428C-D973-40DE-8B9F-7FFC9DF74B15}.Release|Any CPU.Build.0 = Release|Any CPU
	EndGlobalSection
	GlobalSection(SolutionProperties) = preSolution
		HideSolutionNode = FALSE
	EndGlobalSection
	GlobalSection(ExtensibilityGlobals) = postSolution
		SolutionGuid = {82FC01BC-75E9-4753-B909-EF73F4E6B730}
	EndGlobalSection
EndGlobal
